
Microsoft Visual Studio Solution File, Format Version 12.00
# Visual Studio 14
VisualStudioVersion = 14.0.23107.0
MinimumVisualStudioVersion = 10.0.40219.1
Project("{FAE04EC0-301F-11D3-BF4B-00C04F79EFBC}") = "PictureLibrary", "PictureLibrary\PictureLibrary.csproj", "{F5DAC668-1AAC-48F0-AA82-080D3C5381B8}"
EndProject
Project("{FAE04EC0-301F-11D3-BF4B-00C04F79EFBC}") = "TestPictureLibrary", "TestPictureLibrary\TestPictureLibrary.csproj", "{20C1498F-FCEC-4275-A35B-345C86C5A494}"
EndProject
Project("{FAE04EC0-301F-11D3-BF4B-00C04F79EFBC}") = "GroundUpWpf", "GroundUpWpf\GroundUpWpf.csproj", "{E5798B55-63A1-4E4E-985E-4024B22D1E3F}"
EndProject
Project("{FAE04EC0-301F-11D3-BF4B-00C04F79EFBC}") = "SimpleXAML", "SimpleXAML\SimpleXAML.csproj", "{A20715AB-4328-4626-A02C-00F8D77DA5DE}"
EndProject
Project("{FAE04EC0-301F-11D3-BF4B-00C04F79EFBC}") = "SurfaceLite", "SurfaceLite\SurfaceLite.csproj", "{3864F3E1-23BE-40F4-95CC-C84916D6865E}"
EndProject
Global
	GlobalSection(SolutionConfigurationPlatforms) = preSolution
		Debug|Any CPU = Debug|Any CPU
		Release|Any CPU = Release|Any CPU
	EndGlobalSection
	GlobalSection(ProjectConfigurationPlatforms) = postSolution
		{F5DAC668-1AAC-48F0-AA82-080D3C5381B8}.Debug|Any CPU.ActiveCfg = Debug|Any CPU
		{F5DAC668-1AAC-48F0-AA82-080D3C5381B8}.Debug|Any CPU.Build.0 = Debug|Any CPU
		{F5DAC668-1AAC-48F0-AA82-080D3C5381B8}.Release|Any CPU.ActiveCfg = Release|Any CPU
		{F5DAC668-1AAC-48F0-AA82-080D3C5381B8}.Release|Any CPU.Build.0 = Release|Any CPU
		{20C1498F-FCEC-4275-A35B-345C86C5A494}.Debug|Any CPU.ActiveCfg = Debug|Any CPU
		{20C1498F-FCEC-4275-A35B-345C86C5A494}.Debug|Any CPU.Build.0 = Debug|Any CPU
		{20C1498F-FCEC-4275-A35B-345C86C5A494}.Release|Any CPU.ActiveCfg = Release|Any CPU
		{20C1498F-FCEC-4275-A35B-345C86C5A494}.Release|Any CPU.Build.0 = Release|Any CPU
		{E5798B55-63A1-4E4E-985E-4024B22D1E3F}.Debug|Any CPU.ActiveCfg = Debug|Any CPU
		{E5798B55-63A1-4E4E-985E-4024B22D1E3F}.Debug|Any CPU.Build.0 = Debug|Any CPU
		{E5798B55-63A1-4E4E-985E-4024B22D1E3F}.Release|Any CPU.ActiveCfg = Release|Any CPU
		{E5798B55-63A1-4E4E-985E-4024B22D1E3F}.Release|Any CPU.Build.0 = Release|Any CPU
		{A20715AB-4328-4626-A02C-00F8D77DA5DE}.Debug|Any CPU.ActiveCfg = Debug|Any CPU
		{A20715AB-4328-4626-A02C-00F8D77DA5DE}.Debug|Any CPU.Build.0 = Debug|Any CPU
		{A20715AB-4328-4626-A02C-00F8D77DA5DE}.Release|Any CPU.ActiveCfg = Release|Any CPU
		{A20715AB-4328-4626-A02C-00F8D77DA5DE}.Release|Any CPU.Build.0 = Release|Any CPU
		{3864F3E1-23BE-40F4-95CC-C84916D6865E}.Debug|Any CPU.ActiveCfg = Debug|Any CPU
		{3864F3E1-23BE-40F4-95CC-C84916D6865E}.Debug|Any CPU.Build.0 = Debug|Any CPU
		{3864F3E1-23BE-40F4-95CC-C84916D6865E}.Release|Any CPU.ActiveCfg = Release|Any CPU
		{3864F3E1-23BE-40F4-95CC-C84916D6865E}.Release|Any CPU.Build.0 = Release|Any CPU
	EndGlobalSection
	GlobalSection(SolutionProperties) = preSolution
		HideSolutionNode = FALSE
	EndGlobalSection
EndGlobal
