
Microsoft Visual Studio Solution File, Format Version 12.00
# Visual Studio 14
VisualStudioVersion = 14.0.23107.0
MinimumVisualStudioVersion = 10.0.40219.1
Project("{FAE04EC0-301F-11D3-BF4B-00C04F79EFBC}") = "UnviersityEdu", "UnviersityEdu\UnviersityEdu.csproj", "{F2EC654A-6475-4825-A284-4665FAEE4984}"
EndProject
Project("{FAE04EC0-301F-11D3-BF4B-00C04F79EFBC}") = "UnviersityEdu.Tests", "UnviersityEdu.Tests\UnviersityEdu.Tests.csproj", "{82A5FE37-02C7-4302-A999-3EB2CD518D30}"
EndProject
Project("{FAE04EC0-301F-11D3-BF4B-00C04F79EFBC}") = "UnviersityEdu.Data", "UnviersityEdu.Data\UnviersityEdu.Data.csproj", "{6CF363EF-3248-4DAA-9072-95D8A774195A}"
EndProject
Project("{FAE04EC0-301F-11D3-BF4B-00C04F79EFBC}") = "UnviersityEdu.Objects", "UnviersityEdu.Objects\UnviersityEdu.Objects.csproj", "{52A614F8-A6CF-4C60-9F5C-8E4100327846}"
EndProject
Project("{FAE04EC0-301F-11D3-BF4B-00C04F79EFBC}") = "TheNetClient", "TheNetClient\TheNetClient.csproj", "{35FCDAB2-A89F-42BD-96CE-47A90E7167DF}"
EndProject
Global
	GlobalSection(SolutionConfigurationPlatforms) = preSolution
		Debug|Any CPU = Debug|Any CPU
		Release|Any CPU = Release|Any CPU
	EndGlobalSection
	GlobalSection(ProjectConfigurationPlatforms) = postSolution
		{F2EC654A-6475-4825-A284-4665FAEE4984}.Debug|Any CPU.ActiveCfg = Debug|Any CPU
		{F2EC654A-6475-4825-A284-4665FAEE4984}.Debug|Any CPU.Build.0 = Debug|Any CPU
		{F2EC654A-6475-4825-A284-4665FAEE4984}.Release|Any CPU.ActiveCfg = Release|Any CPU
		{F2EC654A-6475-4825-A284-4665FAEE4984}.Release|Any CPU.Build.0 = Release|Any CPU
		{82A5FE37-02C7-4302-A999-3EB2CD518D30}.Debug|Any CPU.ActiveCfg = Debug|Any CPU
		{82A5FE37-02C7-4302-A999-3EB2CD518D30}.Debug|Any CPU.Build.0 = Debug|Any CPU
		{82A5FE37-02C7-4302-A999-3EB2CD518D30}.Release|Any CPU.ActiveCfg = Release|Any CPU
		{82A5FE37-02C7-4302-A999-3EB2CD518D30}.Release|Any CPU.Build.0 = Release|Any CPU
		{6CF363EF-3248-4DAA-9072-95D8A774195A}.Debug|Any CPU.ActiveCfg = Debug|Any CPU
		{6CF363EF-3248-4DAA-9072-95D8A774195A}.Debug|Any CPU.Build.0 = Debug|Any CPU
		{6CF363EF-3248-4DAA-9072-95D8A774195A}.Release|Any CPU.ActiveCfg = Release|Any CPU
		{6CF363EF-3248-4DAA-9072-95D8A774195A}.Release|Any CPU.Build.0 = Release|Any CPU
		{52A614F8-A6CF-4C60-9F5C-8E4100327846}.Debug|Any CPU.ActiveCfg = Debug|Any CPU
		{52A614F8-A6CF-4C60-9F5C-8E4100327846}.Debug|Any CPU.Build.0 = Debug|Any CPU
		{52A614F8-A6CF-4C60-9F5C-8E4100327846}.Release|Any CPU.ActiveCfg = Release|Any CPU
		{52A614F8-A6CF-4C60-9F5C-8E4100327846}.Release|Any CPU.Build.0 = Release|Any CPU
		{35FCDAB2-A89F-42BD-96CE-47A90E7167DF}.Debug|Any CPU.ActiveCfg = Debug|Any CPU
		{35FCDAB2-A89F-42BD-96CE-47A90E7167DF}.Debug|Any CPU.Build.0 = Debug|Any CPU
		{35FCDAB2-A89F-42BD-96CE-47A90E7167DF}.Release|Any CPU.ActiveCfg = Release|Any CPU
		{35FCDAB2-A89F-42BD-96CE-47A90E7167DF}.Release|Any CPU.Build.0 = Release|Any CPU
	EndGlobalSection
	GlobalSection(SolutionProperties) = preSolution
		HideSolutionNode = FALSE
	EndGlobalSection
EndGlobal
