
Microsoft Visual Studio Solution File, Format Version 12.00
# Visual Studio 14
VisualStudioVersion = 14.0.23107.0
MinimumVisualStudioVersion = 10.0.40219.1
Project("{FAE04EC0-301F-11D3-BF4B-00C04F79EFBC}") = "ThreadSafety", "ThreadSafety.csproj", "{8CF13B0F-29F8-45E7-A717-C2D0EF22D8C5}"
EndProject
Project("{FAE04EC0-301F-11D3-BF4B-00C04F79EFBC}") = "Caching", "Caching\Caching.csproj", "{90E25F45-BDCB-4FC8-B224-D397B6F1977C}"
EndProject
Global
	GlobalSection(SolutionConfigurationPlatforms) = preSolution
		Debug|Any CPU = Debug|Any CPU
		Release|Any CPU = Release|Any CPU
	EndGlobalSection
	GlobalSection(ProjectConfigurationPlatforms) = postSolution
		{8CF13B0F-29F8-45E7-A717-C2D0EF22D8C5}.Debug|Any CPU.ActiveCfg = Debug|Any CPU
		{8CF13B0F-29F8-45E7-A717-C2D0EF22D8C5}.Debug|Any CPU.Build.0 = Debug|Any CPU
		{8CF13B0F-29F8-45E7-A717-C2D0EF22D8C5}.Release|Any CPU.ActiveCfg = Release|Any CPU
		{8CF13B0F-29F8-45E7-A717-C2D0EF22D8C5}.Release|Any CPU.Build.0 = Release|Any CPU
		{90E25F45-BDCB-4FC8-B224-D397B6F1977C}.Debug|Any CPU.ActiveCfg = Debug|Any CPU
		{90E25F45-BDCB-4FC8-B224-D397B6F1977C}.Debug|Any CPU.Build.0 = Debug|Any CPU
		{90E25F45-BDCB-4FC8-B224-D397B6F1977C}.Release|Any CPU.ActiveCfg = Release|Any CPU
		{90E25F45-BDCB-4FC8-B224-D397B6F1977C}.Release|Any CPU.Build.0 = Release|Any CPU
	EndGlobalSection
	GlobalSection(SolutionProperties) = preSolution
		HideSolutionNode = FALSE
	EndGlobalSection
EndGlobal
