
Microsoft Visual Studio Solution File, Format Version 12.00
# Visual Studio 14
VisualStudioVersion = 14.0.23107.0
MinimumVisualStudioVersion = 10.0.40219.1
Project("{FAE04EC0-301F-11D3-BF4B-00C04F79EFBC}") = "ApplauseClient", "ApplauseClient\ApplauseClient\ApplauseClient.csproj", "{73C52544-6D1F-4397-94AB-B148826C2DBD}"
EndProject
Project("{FAE04EC0-301F-11D3-BF4B-00C04F79EFBC}") = "ApplauseClient.iOS", "ApplauseClient\ApplauseClient.iOS\ApplauseClient.iOS.csproj", "{D8C09587-3338-4BA3-B4AC-93E8A819B4B7}"
EndProject
Project("{FAE04EC0-301F-11D3-BF4B-00C04F79EFBC}") = "ApplauseClient.Droid", "ApplauseClient\ApplauseClient.Droid\ApplauseClient.Droid.csproj", "{CA4B7F02-B8DE-4873-B922-A897134CE455}"
EndProject
Project("{FAE04EC0-301F-11D3-BF4B-00C04F79EFBC}") = "ApplauseClient.WinPhone", "ApplauseClient\ApplauseClient.WinPhone\ApplauseClient.WinPhone.csproj", "{11CAB9D0-B67D-4E78-AC24-F7C7786141F9}"
EndProject
Global
	GlobalSection(SolutionConfigurationPlatforms) = preSolution
		Ad-Hoc|Any CPU = Ad-Hoc|Any CPU
		Ad-Hoc|ARM = Ad-Hoc|ARM
		Ad-Hoc|iPhone = Ad-Hoc|iPhone
		Ad-Hoc|iPhoneSimulator = Ad-Hoc|iPhoneSimulator
		Ad-Hoc|x86 = Ad-Hoc|x86
		AppStore|Any CPU = AppStore|Any CPU
		AppStore|ARM = AppStore|ARM
		AppStore|iPhone = AppStore|iPhone
		AppStore|iPhoneSimulator = AppStore|iPhoneSimulator
		AppStore|x86 = AppStore|x86
		Debug|Any CPU = Debug|Any CPU
		Debug|ARM = Debug|ARM
		Debug|iPhone = Debug|iPhone
		Debug|iPhoneSimulator = Debug|iPhoneSimulator
		Debug|x86 = Debug|x86
		Release|Any CPU = Release|Any CPU
		Release|ARM = Release|ARM
		Release|iPhone = Release|iPhone
		Release|iPhoneSimulator = Release|iPhoneSimulator
		Release|x86 = Release|x86
	EndGlobalSection
	GlobalSection(ProjectConfigurationPlatforms) = postSolution
		{73C52544-6D1F-4397-94AB-B148826C2DBD}.Ad-Hoc|Any CPU.ActiveCfg = Release|Any CPU
		{73C52544-6D1F-4397-94AB-B148826C2DBD}.Ad-Hoc|Any CPU.Build.0 = Release|Any CPU
		{73C52544-6D1F-4397-94AB-B148826C2DBD}.Ad-Hoc|ARM.ActiveCfg = Release|Any CPU
		{73C52544-6D1F-4397-94AB-B148826C2DBD}.Ad-Hoc|ARM.Build.0 = Release|Any CPU
		{73C52544-6D1F-4397-94AB-B148826C2DBD}.Ad-Hoc|iPhone.ActiveCfg = Release|Any CPU
		{73C52544-6D1F-4397-94AB-B148826C2DBD}.Ad-Hoc|iPhone.Build.0 = Release|Any CPU
		{73C52544-6D1F-4397-94AB-B148826C2DBD}.Ad-Hoc|iPhoneSimulator.ActiveCfg = Release|Any CPU
		{73C52544-6D1F-4397-94AB-B148826C2DBD}.Ad-Hoc|iPhoneSimulator.Build.0 = Release|Any CPU
		{73C52544-6D1F-4397-94AB-B148826C2DBD}.Ad-Hoc|x86.ActiveCfg = Release|Any CPU
		{73C52544-6D1F-4397-94AB-B148826C2DBD}.Ad-Hoc|x86.Build.0 = Release|Any CPU
		{73C52544-6D1F-4397-94AB-B148826C2DBD}.AppStore|Any CPU.ActiveCfg = Release|Any CPU
		{73C52544-6D1F-4397-94AB-B148826C2DBD}.AppStore|Any CPU.Build.0 = Release|Any CPU
		{73C52544-6D1F-4397-94AB-B148826C2DBD}.AppStore|ARM.ActiveCfg = Release|Any CPU
		{73C52544-6D1F-4397-94AB-B148826C2DBD}.AppStore|ARM.Build.0 = Release|Any CPU
		{73C52544-6D1F-4397-94AB-B148826C2DBD}.AppStore|iPhone.ActiveCfg = Release|Any CPU
		{73C52544-6D1F-4397-94AB-B148826C2DBD}.AppStore|iPhone.Build.0 = Release|Any CPU
		{73C52544-6D1F-4397-94AB-B148826C2DBD}.AppStore|iPhoneSimulator.ActiveCfg = Release|Any CPU
		{73C52544-6D1F-4397-94AB-B148826C2DBD}.AppStore|iPhoneSimulator.Build.0 = Release|Any CPU
		{73C52544-6D1F-4397-94AB-B148826C2DBD}.AppStore|x86.ActiveCfg = Release|Any CPU
		{73C52544-6D1F-4397-94AB-B148826C2DBD}.AppStore|x86.Build.0 = Release|Any CPU
		{73C52544-6D1F-4397-94AB-B148826C2DBD}.Debug|Any CPU.ActiveCfg = Debug|Any CPU
		{73C52544-6D1F-4397-94AB-B148826C2DBD}.Debug|Any CPU.Build.0 = Debug|Any CPU
		{73C52544-6D1F-4397-94AB-B148826C2DBD}.Debug|ARM.ActiveCfg = Debug|Any CPU
		{73C52544-6D1F-4397-94AB-B148826C2DBD}.Debug|ARM.Build.0 = Debug|Any CPU
		{73C52544-6D1F-4397-94AB-B148826C2DBD}.Debug|iPhone.ActiveCfg = Debug|Any CPU
		{73C52544-6D1F-4397-94AB-B148826C2DBD}.Debug|iPhone.Build.0 = Debug|Any CPU
		{73C52544-6D1F-4397-94AB-B148826C2DBD}.Debug|iPhoneSimulator.ActiveCfg = Debug|Any CPU
		{73C52544-6D1F-4397-94AB-B148826C2DBD}.Debug|iPhoneSimulator.Build.0 = Debug|Any CPU
		{73C52544-6D1F-4397-94AB-B148826C2DBD}.Debug|x86.ActiveCfg = Debug|Any CPU
		{73C52544-6D1F-4397-94AB-B148826C2DBD}.Debug|x86.Build.0 = Debug|Any CPU
		{73C52544-6D1F-4397-94AB-B148826C2DBD}.Release|Any CPU.ActiveCfg = Release|Any CPU
		{73C52544-6D1F-4397-94AB-B148826C2DBD}.Release|Any CPU.Build.0 = Release|Any CPU
		{73C52544-6D1F-4397-94AB-B148826C2DBD}.Release|ARM.ActiveCfg = Release|Any CPU
		{73C52544-6D1F-4397-94AB-B148826C2DBD}.Release|ARM.Build.0 = Release|Any CPU
		{73C52544-6D1F-4397-94AB-B148826C2DBD}.Release|iPhone.ActiveCfg = Release|Any CPU
		{73C52544-6D1F-4397-94AB-B148826C2DBD}.Release|iPhone.Build.0 = Release|Any CPU
		{73C52544-6D1F-4397-94AB-B148826C2DBD}.Release|iPhoneSimulator.ActiveCfg = Release|Any CPU
		{73C52544-6D1F-4397-94AB-B148826C2DBD}.Release|iPhoneSimulator.Build.0 = Release|Any CPU
		{73C52544-6D1F-4397-94AB-B148826C2DBD}.Release|x86.ActiveCfg = Release|Any CPU
		{73C52544-6D1F-4397-94AB-B148826C2DBD}.Release|x86.Build.0 = Release|Any CPU
		{D8C09587-3338-4BA3-B4AC-93E8A819B4B7}.Ad-Hoc|Any CPU.ActiveCfg = Ad-Hoc|iPhone
		{D8C09587-3338-4BA3-B4AC-93E8A819B4B7}.Ad-Hoc|ARM.ActiveCfg = Ad-Hoc|iPhone
		{D8C09587-3338-4BA3-B4AC-93E8A819B4B7}.Ad-Hoc|iPhone.ActiveCfg = Ad-Hoc|iPhone
		{D8C09587-3338-4BA3-B4AC-93E8A819B4B7}.Ad-Hoc|iPhone.Build.0 = Ad-Hoc|iPhone
		{D8C09587-3338-4BA3-B4AC-93E8A819B4B7}.Ad-Hoc|iPhoneSimulator.ActiveCfg = Ad-Hoc|iPhoneSimulator
		{D8C09587-3338-4BA3-B4AC-93E8A819B4B7}.Ad-Hoc|iPhoneSimulator.Build.0 = Ad-Hoc|iPhoneSimulator
		{D8C09587-3338-4BA3-B4AC-93E8A819B4B7}.Ad-Hoc|x86.ActiveCfg = Ad-Hoc|iPhone
		{D8C09587-3338-4BA3-B4AC-93E8A819B4B7}.AppStore|Any CPU.ActiveCfg = AppStore|iPhone
		{D8C09587-3338-4BA3-B4AC-93E8A819B4B7}.AppStore|ARM.ActiveCfg = AppStore|iPhone
		{D8C09587-3338-4BA3-B4AC-93E8A819B4B7}.AppStore|iPhone.ActiveCfg = AppStore|iPhone
		{D8C09587-3338-4BA3-B4AC-93E8A819B4B7}.AppStore|iPhone.Build.0 = AppStore|iPhone
		{D8C09587-3338-4BA3-B4AC-93E8A819B4B7}.AppStore|iPhoneSimulator.ActiveCfg = AppStore|iPhoneSimulator
		{D8C09587-3338-4BA3-B4AC-93E8A819B4B7}.AppStore|iPhoneSimulator.Build.0 = AppStore|iPhoneSimulator
		{D8C09587-3338-4BA3-B4AC-93E8A819B4B7}.AppStore|x86.ActiveCfg = AppStore|iPhone
		{D8C09587-3338-4BA3-B4AC-93E8A819B4B7}.Debug|Any CPU.ActiveCfg = Debug|iPhone
		{D8C09587-3338-4BA3-B4AC-93E8A819B4B7}.Debug|ARM.ActiveCfg = Debug|iPhone
		{D8C09587-3338-4BA3-B4AC-93E8A819B4B7}.Debug|iPhone.ActiveCfg = Debug|iPhone
		{D8C09587-3338-4BA3-B4AC-93E8A819B4B7}.Debug|iPhone.Build.0 = Debug|iPhone
		{D8C09587-3338-4BA3-B4AC-93E8A819B4B7}.Debug|iPhoneSimulator.ActiveCfg = Debug|iPhoneSimulator
		{D8C09587-3338-4BA3-B4AC-93E8A819B4B7}.Debug|iPhoneSimulator.Build.0 = Debug|iPhoneSimulator
		{D8C09587-3338-4BA3-B4AC-93E8A819B4B7}.Debug|x86.ActiveCfg = Debug|iPhone
		{D8C09587-3338-4BA3-B4AC-93E8A819B4B7}.Release|Any CPU.ActiveCfg = Release|iPhone
		{D8C09587-3338-4BA3-B4AC-93E8A819B4B7}.Release|ARM.ActiveCfg = Release|iPhone
		{D8C09587-3338-4BA3-B4AC-93E8A819B4B7}.Release|iPhone.ActiveCfg = Release|iPhone
		{D8C09587-3338-4BA3-B4AC-93E8A819B4B7}.Release|iPhone.Build.0 = Release|iPhone
		{D8C09587-3338-4BA3-B4AC-93E8A819B4B7}.Release|iPhoneSimulator.ActiveCfg = Release|iPhoneSimulator
		{D8C09587-3338-4BA3-B4AC-93E8A819B4B7}.Release|iPhoneSimulator.Build.0 = Release|iPhoneSimulator
		{D8C09587-3338-4BA3-B4AC-93E8A819B4B7}.Release|x86.ActiveCfg = Release|iPhone
		{CA4B7F02-B8DE-4873-B922-A897134CE455}.Ad-Hoc|Any CPU.ActiveCfg = Release|Any CPU
		{CA4B7F02-B8DE-4873-B922-A897134CE455}.Ad-Hoc|Any CPU.Build.0 = Release|Any CPU
		{CA4B7F02-B8DE-4873-B922-A897134CE455}.Ad-Hoc|Any CPU.Deploy.0 = Release|Any CPU
		{CA4B7F02-B8DE-4873-B922-A897134CE455}.Ad-Hoc|ARM.ActiveCfg = Release|Any CPU
		{CA4B7F02-B8DE-4873-B922-A897134CE455}.Ad-Hoc|ARM.Build.0 = Release|Any CPU
		{CA4B7F02-B8DE-4873-B922-A897134CE455}.Ad-Hoc|ARM.Deploy.0 = Release|Any CPU
		{CA4B7F02-B8DE-4873-B922-A897134CE455}.Ad-Hoc|iPhone.ActiveCfg = Release|Any CPU
		{CA4B7F02-B8DE-4873-B922-A897134CE455}.Ad-Hoc|iPhone.Build.0 = Release|Any CPU
		{CA4B7F02-B8DE-4873-B922-A897134CE455}.Ad-Hoc|iPhone.Deploy.0 = Release|Any CPU
		{CA4B7F02-B8DE-4873-B922-A897134CE455}.Ad-Hoc|iPhoneSimulator.ActiveCfg = Release|Any CPU
		{CA4B7F02-B8DE-4873-B922-A897134CE455}.Ad-Hoc|iPhoneSimulator.Build.0 = Release|Any CPU
		{CA4B7F02-B8DE-4873-B922-A897134CE455}.Ad-Hoc|iPhoneSimulator.Deploy.0 = Release|Any CPU
		{CA4B7F02-B8DE-4873-B922-A897134CE455}.Ad-Hoc|x86.ActiveCfg = Release|Any CPU
		{CA4B7F02-B8DE-4873-B922-A897134CE455}.Ad-Hoc|x86.Build.0 = Release|Any CPU
		{CA4B7F02-B8DE-4873-B922-A897134CE455}.Ad-Hoc|x86.Deploy.0 = Release|Any CPU
		{CA4B7F02-B8DE-4873-B922-A897134CE455}.AppStore|Any CPU.ActiveCfg = Release|Any CPU
		{CA4B7F02-B8DE-4873-B922-A897134CE455}.AppStore|Any CPU.Build.0 = Release|Any CPU
		{CA4B7F02-B8DE-4873-B922-A897134CE455}.AppStore|Any CPU.Deploy.0 = Release|Any CPU
		{CA4B7F02-B8DE-4873-B922-A897134CE455}.AppStore|ARM.ActiveCfg = Release|Any CPU
		{CA4B7F02-B8DE-4873-B922-A897134CE455}.AppStore|ARM.Build.0 = Release|Any CPU
		{CA4B7F02-B8DE-4873-B922-A897134CE455}.AppStore|ARM.Deploy.0 = Release|Any CPU
		{CA4B7F02-B8DE-4873-B922-A897134CE455}.AppStore|iPhone.ActiveCfg = Release|Any CPU
		{CA4B7F02-B8DE-4873-B922-A897134CE455}.AppStore|iPhone.Build.0 = Release|Any CPU
		{CA4B7F02-B8DE-4873-B922-A897134CE455}.AppStore|iPhone.Deploy.0 = Release|Any CPU
		{CA4B7F02-B8DE-4873-B922-A897134CE455}.AppStore|iPhoneSimulator.ActiveCfg = Release|Any CPU
		{CA4B7F02-B8DE-4873-B922-A897134CE455}.AppStore|iPhoneSimulator.Build.0 = Release|Any CPU
		{CA4B7F02-B8DE-4873-B922-A897134CE455}.AppStore|iPhoneSimulator.Deploy.0 = Release|Any CPU
		{CA4B7F02-B8DE-4873-B922-A897134CE455}.AppStore|x86.ActiveCfg = Release|Any CPU
		{CA4B7F02-B8DE-4873-B922-A897134CE455}.AppStore|x86.Build.0 = Release|Any CPU
		{CA4B7F02-B8DE-4873-B922-A897134CE455}.AppStore|x86.Deploy.0 = Release|Any CPU
		{CA4B7F02-B8DE-4873-B922-A897134CE455}.Debug|Any CPU.ActiveCfg = Debug|Any CPU
		{CA4B7F02-B8DE-4873-B922-A897134CE455}.Debug|Any CPU.Build.0 = Debug|Any CPU
		{CA4B7F02-B8DE-4873-B922-A897134CE455}.Debug|Any CPU.Deploy.0 = Debug|Any CPU
		{CA4B7F02-B8DE-4873-B922-A897134CE455}.Debug|ARM.ActiveCfg = Debug|Any CPU
		{CA4B7F02-B8DE-4873-B922-A897134CE455}.Debug|ARM.Build.0 = Debug|Any CPU
		{CA4B7F02-B8DE-4873-B922-A897134CE455}.Debug|ARM.Deploy.0 = Debug|Any CPU
		{CA4B7F02-B8DE-4873-B922-A897134CE455}.Debug|iPhone.ActiveCfg = Debug|Any CPU
		{CA4B7F02-B8DE-4873-B922-A897134CE455}.Debug|iPhone.Build.0 = Debug|Any CPU
		{CA4B7F02-B8DE-4873-B922-A897134CE455}.Debug|iPhone.Deploy.0 = Debug|Any CPU
		{CA4B7F02-B8DE-4873-B922-A897134CE455}.Debug|iPhoneSimulator.ActiveCfg = Debug|Any CPU
		{CA4B7F02-B8DE-4873-B922-A897134CE455}.Debug|iPhoneSimulator.Build.0 = Debug|Any CPU
		{CA4B7F02-B8DE-4873-B922-A897134CE455}.Debug|iPhoneSimulator.Deploy.0 = Debug|Any CPU
		{CA4B7F02-B8DE-4873-B922-A897134CE455}.Debug|x86.ActiveCfg = Debug|Any CPU
		{CA4B7F02-B8DE-4873-B922-A897134CE455}.Debug|x86.Build.0 = Debug|Any CPU
		{CA4B7F02-B8DE-4873-B922-A897134CE455}.Debug|x86.Deploy.0 = Debug|Any CPU
		{CA4B7F02-B8DE-4873-B922-A897134CE455}.Release|Any CPU.ActiveCfg = Release|Any CPU
		{CA4B7F02-B8DE-4873-B922-A897134CE455}.Release|Any CPU.Build.0 = Release|Any CPU
		{CA4B7F02-B8DE-4873-B922-A897134CE455}.Release|Any CPU.Deploy.0 = Release|Any CPU
		{CA4B7F02-B8DE-4873-B922-A897134CE455}.Release|ARM.ActiveCfg = Release|Any CPU
		{CA4B7F02-B8DE-4873-B922-A897134CE455}.Release|ARM.Build.0 = Release|Any CPU
		{CA4B7F02-B8DE-4873-B922-A897134CE455}.Release|ARM.Deploy.0 = Release|Any CPU
		{CA4B7F02-B8DE-4873-B922-A897134CE455}.Release|iPhone.ActiveCfg = Release|Any CPU
		{CA4B7F02-B8DE-4873-B922-A897134CE455}.Release|iPhone.Build.0 = Release|Any CPU
		{CA4B7F02-B8DE-4873-B922-A897134CE455}.Release|iPhone.Deploy.0 = Release|Any CPU
		{CA4B7F02-B8DE-4873-B922-A897134CE455}.Release|iPhoneSimulator.ActiveCfg = Release|Any CPU
		{CA4B7F02-B8DE-4873-B922-A897134CE455}.Release|iPhoneSimulator.Build.0 = Release|Any CPU
		{CA4B7F02-B8DE-4873-B922-A897134CE455}.Release|iPhoneSimulator.Deploy.0 = Release|Any CPU
		{CA4B7F02-B8DE-4873-B922-A897134CE455}.Release|x86.ActiveCfg = Release|Any CPU
		{CA4B7F02-B8DE-4873-B922-A897134CE455}.Release|x86.Build.0 = Release|Any CPU
		{CA4B7F02-B8DE-4873-B922-A897134CE455}.Release|x86.Deploy.0 = Release|Any CPU
		{11CAB9D0-B67D-4E78-AC24-F7C7786141F9}.Ad-Hoc|Any CPU.ActiveCfg = Release|Any CPU
		{11CAB9D0-B67D-4E78-AC24-F7C7786141F9}.Ad-Hoc|Any CPU.Build.0 = Release|Any CPU
		{11CAB9D0-B67D-4E78-AC24-F7C7786141F9}.Ad-Hoc|Any CPU.Deploy.0 = Release|Any CPU
		{11CAB9D0-B67D-4E78-AC24-F7C7786141F9}.Ad-Hoc|ARM.ActiveCfg = Release|ARM
		{11CAB9D0-B67D-4E78-AC24-F7C7786141F9}.Ad-Hoc|ARM.Build.0 = Release|ARM
		{11CAB9D0-B67D-4E78-AC24-F7C7786141F9}.Ad-Hoc|ARM.Deploy.0 = Release|ARM
		{11CAB9D0-B67D-4E78-AC24-F7C7786141F9}.Ad-Hoc|iPhone.ActiveCfg = Release|Any CPU
		{11CAB9D0-B67D-4E78-AC24-F7C7786141F9}.Ad-Hoc|iPhone.Build.0 = Release|Any CPU
		{11CAB9D0-B67D-4E78-AC24-F7C7786141F9}.Ad-Hoc|iPhone.Deploy.0 = Release|Any CPU
		{11CAB9D0-B67D-4E78-AC24-F7C7786141F9}.Ad-Hoc|iPhoneSimulator.ActiveCfg = Release|Any CPU
		{11CAB9D0-B67D-4E78-AC24-F7C7786141F9}.Ad-Hoc|iPhoneSimulator.Build.0 = Release|Any CPU
		{11CAB9D0-B67D-4E78-AC24-F7C7786141F9}.Ad-Hoc|iPhoneSimulator.Deploy.0 = Release|Any CPU
		{11CAB9D0-B67D-4E78-AC24-F7C7786141F9}.Ad-Hoc|x86.ActiveCfg = Release|x86
		{11CAB9D0-B67D-4E78-AC24-F7C7786141F9}.Ad-Hoc|x86.Build.0 = Release|x86
		{11CAB9D0-B67D-4E78-AC24-F7C7786141F9}.Ad-Hoc|x86.Deploy.0 = Release|x86
		{11CAB9D0-B67D-4E78-AC24-F7C7786141F9}.AppStore|Any CPU.ActiveCfg = Release|Any CPU
		{11CAB9D0-B67D-4E78-AC24-F7C7786141F9}.AppStore|Any CPU.Build.0 = Release|Any CPU
		{11CAB9D0-B67D-4E78-AC24-F7C7786141F9}.AppStore|Any CPU.Deploy.0 = Release|Any CPU
		{11CAB9D0-B67D-4E78-AC24-F7C7786141F9}.AppStore|ARM.ActiveCfg = Release|ARM
		{11CAB9D0-B67D-4E78-AC24-F7C7786141F9}.AppStore|ARM.Build.0 = Release|ARM
		{11CAB9D0-B67D-4E78-AC24-F7C7786141F9}.AppStore|ARM.Deploy.0 = Release|ARM
		{11CAB9D0-B67D-4E78-AC24-F7C7786141F9}.AppStore|iPhone.ActiveCfg = Release|Any CPU
		{11CAB9D0-B67D-4E78-AC24-F7C7786141F9}.AppStore|iPhone.Build.0 = Release|Any CPU
		{11CAB9D0-B67D-4E78-AC24-F7C7786141F9}.AppStore|iPhone.Deploy.0 = Release|Any CPU
		{11CAB9D0-B67D-4E78-AC24-F7C7786141F9}.AppStore|iPhoneSimulator.ActiveCfg = Release|Any CPU
		{11CAB9D0-B67D-4E78-AC24-F7C7786141F9}.AppStore|iPhoneSimulator.Build.0 = Release|Any CPU
		{11CAB9D0-B67D-4E78-AC24-F7C7786141F9}.AppStore|iPhoneSimulator.Deploy.0 = Release|Any CPU
		{11CAB9D0-B67D-4E78-AC24-F7C7786141F9}.AppStore|x86.ActiveCfg = Release|x86
		{11CAB9D0-B67D-4E78-AC24-F7C7786141F9}.AppStore|x86.Build.0 = Release|x86
		{11CAB9D0-B67D-4E78-AC24-F7C7786141F9}.AppStore|x86.Deploy.0 = Release|x86
		{11CAB9D0-B67D-4E78-AC24-F7C7786141F9}.Debug|Any CPU.ActiveCfg = Debug|Any CPU
		{11CAB9D0-B67D-4E78-AC24-F7C7786141F9}.Debug|Any CPU.Build.0 = Debug|Any CPU
		{11CAB9D0-B67D-4E78-AC24-F7C7786141F9}.Debug|Any CPU.Deploy.0 = Debug|Any CPU
		{11CAB9D0-B67D-4E78-AC24-F7C7786141F9}.Debug|ARM.ActiveCfg = Debug|ARM
		{11CAB9D0-B67D-4E78-AC24-F7C7786141F9}.Debug|ARM.Build.0 = Debug|ARM
		{11CAB9D0-B67D-4E78-AC24-F7C7786141F9}.Debug|ARM.Deploy.0 = Debug|ARM
		{11CAB9D0-B67D-4E78-AC24-F7C7786141F9}.Debug|iPhone.ActiveCfg = Debug|Any CPU
		{11CAB9D0-B67D-4E78-AC24-F7C7786141F9}.Debug|iPhone.Build.0 = Debug|Any CPU
		{11CAB9D0-B67D-4E78-AC24-F7C7786141F9}.Debug|iPhone.Deploy.0 = Debug|Any CPU
		{11CAB9D0-B67D-4E78-AC24-F7C7786141F9}.Debug|iPhoneSimulator.ActiveCfg = Debug|Any CPU
		{11CAB9D0-B67D-4E78-AC24-F7C7786141F9}.Debug|iPhoneSimulator.Build.0 = Debug|Any CPU
		{11CAB9D0-B67D-4E78-AC24-F7C7786141F9}.Debug|iPhoneSimulator.Deploy.0 = Debug|Any CPU
		{11CAB9D0-B67D-4E78-AC24-F7C7786141F9}.Debug|x86.ActiveCfg = Debug|x86
		{11CAB9D0-B67D-4E78-AC24-F7C7786141F9}.Debug|x86.Build.0 = Debug|x86
		{11CAB9D0-B67D-4E78-AC24-F7C7786141F9}.Debug|x86.Deploy.0 = Debug|x86
		{11CAB9D0-B67D-4E78-AC24-F7C7786141F9}.Release|Any CPU.ActiveCfg = Release|Any CPU
		{11CAB9D0-B67D-4E78-AC24-F7C7786141F9}.Release|Any CPU.Build.0 = Release|Any CPU
		{11CAB9D0-B67D-4E78-AC24-F7C7786141F9}.Release|Any CPU.Deploy.0 = Release|Any CPU
		{11CAB9D0-B67D-4E78-AC24-F7C7786141F9}.Release|ARM.ActiveCfg = Release|ARM
		{11CAB9D0-B67D-4E78-AC24-F7C7786141F9}.Release|ARM.Build.0 = Release|ARM
		{11CAB9D0-B67D-4E78-AC24-F7C7786141F9}.Release|ARM.Deploy.0 = Release|ARM
		{11CAB9D0-B67D-4E78-AC24-F7C7786141F9}.Release|iPhone.ActiveCfg = Release|Any CPU
		{11CAB9D0-B67D-4E78-AC24-F7C7786141F9}.Release|iPhone.Build.0 = Release|Any CPU
		{11CAB9D0-B67D-4E78-AC24-F7C7786141F9}.Release|iPhone.Deploy.0 = Release|Any CPU
		{11CAB9D0-B67D-4E78-AC24-F7C7786141F9}.Release|iPhoneSimulator.ActiveCfg = Release|Any CPU
		{11CAB9D0-B67D-4E78-AC24-F7C7786141F9}.Release|iPhoneSimulator.Build.0 = Release|Any CPU
		{11CAB9D0-B67D-4E78-AC24-F7C7786141F9}.Release|iPhoneSimulator.Deploy.0 = Release|Any CPU
		{11CAB9D0-B67D-4E78-AC24-F7C7786141F9}.Release|x86.ActiveCfg = Release|x86
		{11CAB9D0-B67D-4E78-AC24-F7C7786141F9}.Release|x86.Build.0 = Release|x86
		{11CAB9D0-B67D-4E78-AC24-F7C7786141F9}.Release|x86.Deploy.0 = Release|x86
	EndGlobalSection
	GlobalSection(SolutionProperties) = preSolution
		HideSolutionNode = FALSE
	EndGlobalSection
EndGlobal
